
Microsoft Visual Studio Solution File, Format Version 12.00
# Visual Studio 15
Project("{FAE04EC0-301F-11D3-BF4B-00C04F79EFBC}") = "Assembly-CSharp", "Assembly-CSharp.csproj", "{6CEE9DA0-FD29-54BC-0C9F-1F50EDE05A39}"
EndProject
Project("{FAE04EC0-301F-11D3-BF4B-00C04F79EFBC}") = "Assembly-CSharp-Editor", "Assembly-CSharp-Editor.csproj", "{65F42619-E042-2B9D-0081-8884D6A8925C}"
EndProject
Global
	GlobalSection(SolutionConfigurationPlatforms) = preSolution
		Debug|Any CPU = Debug|Any CPU
		Release|Any CPU = Release|Any CPU
	EndGlobalSection
	GlobalSection(ProjectConfigurationPlatforms) = postSolution
		{6CEE9DA0-FD29-54BC-0C9F-1F50EDE05A39}.Debug|Any CPU.ActiveCfg = Debug|Any CPU
		{6CEE9DA0-FD29-54BC-0C9F-1F50EDE05A39}.Debug|Any CPU.Build.0 = Debug|Any CPU
		{6CEE9DA0-FD29-54BC-0C9F-1F50EDE05A39}.Release|Any CPU.ActiveCfg = Release|Any CPU
		{6CEE9DA0-FD29-54BC-0C9F-1F50EDE05A39}.Release|Any CPU.Build.0 = Release|Any CPU
		{65F42619-E042-2B9D-0081-8884D6A8925C}.Debug|Any CPU.ActiveCfg = Debug|Any CPU
		{65F42619-E042-2B9D-0081-8884D6A8925C}.Debug|Any CPU.Build.0 = Debug|Any CPU
		{65F42619-E042-2B9D-0081-8884D6A8925C}.Release|Any CPU.ActiveCfg = Release|Any CPU
		{65F42619-E042-2B9D-0081-8884D6A8925C}.Release|Any CPU.Build.0 = Release|Any CPU
	EndGlobalSection
	GlobalSection(SolutionProperties) = preSolution
		HideSolutionNode = FALSE
	EndGlobalSection
EndGlobal
